<?xml version="1.0" encoding="utf-8"?>
<Project ToolsVersion="4.0" xmlns="http://schemas.microsoft.com/developer/msbuild/2003">
  <ItemGroup>
    <Filter Include="..">
      <UniqueIdentifier>{61705900-4DFC-870B-B6AA-880BA255880B}</UniqueIdentifier>
    </Filter>
    <Filter Include="src">
      <UniqueIdentifier>{2DAB880B-99B4-887C-2230-9F7C8E38947C}</UniqueIdentifier>
    </Filter>
    <Filter Include="src\Snowflax">
      <UniqueIdentifier>{AE359B64-9A98-2A09-431E-63BF2F60F68B}</UniqueIdentifier>
    </Filter>
    <Filter Include="src\Snowflax\Debug">
      <UniqueIdentifier>{A44A2EC0-902E-EF15-F98E-E968E591D997}</UniqueIdentifier>
    </Filter>
  </ItemGroup>
  <ItemGroup>
    <ClInclude Include="src\Snowflax.h">
      <Filter>src</Filter>
    </ClInclude>
    <ClInclude Include="src\Snowflax\Application.h">
      <Filter>src\Snowflax</Filter>
    </ClInclude>
    <ClInclude Include="src\Snowflax\Core.h">
      <Filter>src\Snowflax</Filter>
    </ClInclude>
    <ClInclude Include="src\Snowflax\Debug\Log.h">
      <Filter>src\Snowflax\Debug</Filter>
    </ClInclude>
    <ClInclude Include="src\Snowflax\EntryPoint.h">
      <Filter>src\Snowflax</Filter>
    </ClInclude>
  </ItemGroup>
  <ItemGroup>
    <ClCompile Include="src\Snowflax\Application.cpp">
      <Filter>src\Snowflax</Filter>
    </ClCompile>
    <ClCompile Include="src\Snowflax\Debug\Log.cpp">
      <Filter>src\Snowflax\Debug</Filter>
    </ClCompile>
  </ItemGroup>
  <ItemGroup>
    <None Include="..\.gitignore">
      <Filter>..</Filter>
    </None>
    <None Include="..\.gitmodules">
      <Filter>..</Filter>
    </None>
    <None Include="..\premake5.lua">
      <Filter>..</Filter>
    </None>
  </ItemGroup>
</Project>